
Microsoft Visual Studio Solution File, Format Version 12.00
# Visual Studio Express 2013 for Web
VisualStudioVersion = 12.0.30110.0
MinimumVisualStudioVersion = 10.0.40219.1
Project("{FAE04EC0-301F-11D3-BF4B-00C04F79EFBC}") = "MvcAccount", "MvcAccount\MvcAccount.csproj", "{60F4DAD3-D522-437D-8915-9AF12BB16206}"
EndProject
Project("{FAE04EC0-301F-11D3-BF4B-00C04F79EFBC}") = "Samples.Mvc4", "samples\Mvc4\Samples.Mvc4.csproj", "{5BF8519F-DC81-4ABC-A532-2D9F66B676DA}"
EndProject
Project("{2150E333-8FDC-42A3-9474-1A3956D46DE8}") = ".nuget", ".nuget", "{9CE63643-B0E6-430B-8789-1EF9FFFAB4E0}"
	ProjectSection(SolutionItems) = preProject
		.nuget\NuGet.Config = .nuget\NuGet.Config
		.nuget\NuGet.exe = .nuget\NuGet.exe
		.nuget\NuGet.targets = .nuget\NuGet.targets
	EndProjectSection
EndProject
Project("{2150E333-8FDC-42A3-9474-1A3956D46DE8}") = "samples", "samples", "{F150C769-C56A-4F0C-B2AB-B3B8641D2860}"
EndProject
Project("{FAE04EC0-301F-11D3-BF4B-00C04F79EFBC}") = "Samples.Mvc5", "samples\Mvc5\Samples.Mvc5.csproj", "{7EEB794C-65B1-41F1-B850-B201C3DC61C7}"
EndProject
Project("{FAE04EC0-301F-11D3-BF4B-00C04F79EFBC}") = "Samples.Mvc3", "samples\Mvc3\Samples.Mvc3.csproj", "{27FC3163-CA02-4F2A-BADC-ADD5074493AA}"
EndProject
Global
	GlobalSection(SolutionConfigurationPlatforms) = preSolution
		Debug|Any CPU = Debug|Any CPU
		Release|Any CPU = Release|Any CPU
	EndGlobalSection
	GlobalSection(ProjectConfigurationPlatforms) = postSolution
		{60F4DAD3-D522-437D-8915-9AF12BB16206}.Debug|Any CPU.ActiveCfg = Debug|Any CPU
		{60F4DAD3-D522-437D-8915-9AF12BB16206}.Debug|Any CPU.Build.0 = Debug|Any CPU
		{60F4DAD3-D522-437D-8915-9AF12BB16206}.Release|Any CPU.ActiveCfg = Release|Any CPU
		{60F4DAD3-D522-437D-8915-9AF12BB16206}.Release|Any CPU.Build.0 = Release|Any CPU
		{5BF8519F-DC81-4ABC-A532-2D9F66B676DA}.Debug|Any CPU.ActiveCfg = Debug|Any CPU
		{5BF8519F-DC81-4ABC-A532-2D9F66B676DA}.Debug|Any CPU.Build.0 = Debug|Any CPU
		{5BF8519F-DC81-4ABC-A532-2D9F66B676DA}.Release|Any CPU.ActiveCfg = Release|Any CPU
		{5BF8519F-DC81-4ABC-A532-2D9F66B676DA}.Release|Any CPU.Build.0 = Release|Any CPU
		{7EEB794C-65B1-41F1-B850-B201C3DC61C7}.Debug|Any CPU.ActiveCfg = Debug|Any CPU
		{7EEB794C-65B1-41F1-B850-B201C3DC61C7}.Debug|Any CPU.Build.0 = Debug|Any CPU
		{7EEB794C-65B1-41F1-B850-B201C3DC61C7}.Release|Any CPU.ActiveCfg = Release|Any CPU
		{7EEB794C-65B1-41F1-B850-B201C3DC61C7}.Release|Any CPU.Build.0 = Release|Any CPU
		{27FC3163-CA02-4F2A-BADC-ADD5074493AA}.Debug|Any CPU.ActiveCfg = Debug|Any CPU
		{27FC3163-CA02-4F2A-BADC-ADD5074493AA}.Debug|Any CPU.Build.0 = Debug|Any CPU
		{27FC3163-CA02-4F2A-BADC-ADD5074493AA}.Release|Any CPU.ActiveCfg = Release|Any CPU
		{27FC3163-CA02-4F2A-BADC-ADD5074493AA}.Release|Any CPU.Build.0 = Release|Any CPU
	EndGlobalSection
	GlobalSection(SolutionProperties) = preSolution
		HideSolutionNode = FALSE
	EndGlobalSection
	GlobalSection(NestedProjects) = preSolution
		{5BF8519F-DC81-4ABC-A532-2D9F66B676DA} = {F150C769-C56A-4F0C-B2AB-B3B8641D2860}
		{7EEB794C-65B1-41F1-B850-B201C3DC61C7} = {F150C769-C56A-4F0C-B2AB-B3B8641D2860}
		{27FC3163-CA02-4F2A-BADC-ADD5074493AA} = {F150C769-C56A-4F0C-B2AB-B3B8641D2860}
	EndGlobalSection
EndGlobal
